
Microsoft Visual Studio Solution File, Format Version 12.00
# Visual Studio Version 16
VisualStudioVersion = 16.0.34601.136
MinimumVisualStudioVersion = 10.0.40219.1
Project("{8BC9CEB8-8B4A-11D0-8D11-00A0C91BC942}") = "WnApi1", "WnApi1\WnApi1.vcxproj", "{575C707A-0A96-4680-B39A-84F0F460CADD}"
EndProject
Project("{8BC9CEB8-8B4A-11D0-8D11-00A0C91BC942}") = "ComboBox1", "ComboBox1\ComboBox1.vcxproj", "{EC20CE2D-A18E-4A57-9650-EF71A159BFE3}"
EndProject
Project("{8BC9CEB8-8B4A-11D0-8D11-00A0C91BC942}") = "ListBox1", "ListBox1\ListBox1.vcxproj", "{C6165EFF-AAC6-4B79-A840-E24074FBA22B}"
EndProject
Project("{8BC9CEB8-8B4A-11D0-8D11-00A0C91BC942}") = "ListBox2", "ListBox2\ListBox2.vcxproj", "{4CACB35D-1BD2-426E-B07A-9DC4673947D2}"
EndProject
Project("{8BC9CEB8-8B4A-11D0-8D11-00A0C91BC942}") = "MainWindow", "MainWindow\MainWindow.vcxproj", "{2DF1838B-4B44-4190-8C73-A9A7C6976D1C}"
EndProject
Project("{8BC9CEB8-8B4A-11D0-8D11-00A0C91BC942}") = "Calc", "Calc\Calc.vcxproj", "{1A12C3C9-B42A-4153-82ED-DA2531F33681}"
EndProject
Project("{8BC9CEB8-8B4A-11D0-8D11-00A0C91BC942}") = "Resource-onlyDLL", "Resource-onlyDLL\Resource-onlyDLL.vcxproj", "{A0738A14-5346-4ECA-9E6A-412B9141E87D}"
EndProject
Project("{8BC9CEB8-8B4A-11D0-8D11-00A0C91BC942}") = "Resource-onlyDLL2", "Resource-onlyDLL2\Resource-onlyDLL2.vcxproj", "{3155682B-78C7-4D81-95A3-C800C71A99FE}"
EndProject
Project("{8BC9CEB8-8B4A-11D0-8D11-00A0C91BC942}") = "Font-onlyDLL", "Font-onlyDLL\Font-onlyDLL.vcxproj", "{910DAB6F-B88D-4645-A8CE-CA816104972C}"
EndProject
Project("{54435603-DBB4-11D2-8724-00A0C9A8B90C}") = "SetupCalc", "SetupCalc\SetupCalc.vdproj", "{96806E13-E208-499B-8902-C08899ACD50C}"
EndProject
Global
	GlobalSection(SolutionConfigurationPlatforms) = preSolution
		Debug|x64 = Debug|x64
		Debug|x86 = Debug|x86
		Release|x64 = Release|x64
		Release|x86 = Release|x86
	EndGlobalSection
	GlobalSection(ProjectConfigurationPlatforms) = postSolution
		{575C707A-0A96-4680-B39A-84F0F460CADD}.Debug|x64.ActiveCfg = Debug|x64
		{575C707A-0A96-4680-B39A-84F0F460CADD}.Debug|x64.Build.0 = Debug|x64
		{575C707A-0A96-4680-B39A-84F0F460CADD}.Debug|x86.ActiveCfg = Debug|Win32
		{575C707A-0A96-4680-B39A-84F0F460CADD}.Debug|x86.Build.0 = Debug|Win32
		{575C707A-0A96-4680-B39A-84F0F460CADD}.Release|x64.ActiveCfg = Release|x64
		{575C707A-0A96-4680-B39A-84F0F460CADD}.Release|x64.Build.0 = Release|x64
		{575C707A-0A96-4680-B39A-84F0F460CADD}.Release|x86.ActiveCfg = Release|Win32
		{EC20CE2D-A18E-4A57-9650-EF71A159BFE3}.Debug|x64.ActiveCfg = Debug|x64
		{EC20CE2D-A18E-4A57-9650-EF71A159BFE3}.Debug|x64.Build.0 = Debug|x64
		{EC20CE2D-A18E-4A57-9650-EF71A159BFE3}.Debug|x86.ActiveCfg = Debug|Win32
		{EC20CE2D-A18E-4A57-9650-EF71A159BFE3}.Debug|x86.Build.0 = Debug|Win32
		{EC20CE2D-A18E-4A57-9650-EF71A159BFE3}.Release|x64.ActiveCfg = Release|x64
		{EC20CE2D-A18E-4A57-9650-EF71A159BFE3}.Release|x64.Build.0 = Release|x64
		{EC20CE2D-A18E-4A57-9650-EF71A159BFE3}.Release|x86.ActiveCfg = Release|Win32
		{C6165EFF-AAC6-4B79-A840-E24074FBA22B}.Debug|x64.ActiveCfg = Debug|x64
		{C6165EFF-AAC6-4B79-A840-E24074FBA22B}.Debug|x64.Build.0 = Debug|x64
		{C6165EFF-AAC6-4B79-A840-E24074FBA22B}.Debug|x86.ActiveCfg = Debug|Win32
		{C6165EFF-AAC6-4B79-A840-E24074FBA22B}.Debug|x86.Build.0 = Debug|Win32
		{C6165EFF-AAC6-4B79-A840-E24074FBA22B}.Release|x64.ActiveCfg = Release|x64
		{C6165EFF-AAC6-4B79-A840-E24074FBA22B}.Release|x64.Build.0 = Release|x64
		{C6165EFF-AAC6-4B79-A840-E24074FBA22B}.Release|x86.ActiveCfg = Release|Win32
		{4CACB35D-1BD2-426E-B07A-9DC4673947D2}.Debug|x64.ActiveCfg = Debug|x64
		{4CACB35D-1BD2-426E-B07A-9DC4673947D2}.Debug|x64.Build.0 = Debug|x64
		{4CACB35D-1BD2-426E-B07A-9DC4673947D2}.Debug|x86.ActiveCfg = Debug|Win32
		{4CACB35D-1BD2-426E-B07A-9DC4673947D2}.Debug|x86.Build.0 = Debug|Win32
		{4CACB35D-1BD2-426E-B07A-9DC4673947D2}.Release|x64.ActiveCfg = Release|x64
		{4CACB35D-1BD2-426E-B07A-9DC4673947D2}.Release|x64.Build.0 = Release|x64
		{4CACB35D-1BD2-426E-B07A-9DC4673947D2}.Release|x86.ActiveCfg = Release|Win32
		{2DF1838B-4B44-4190-8C73-A9A7C6976D1C}.Debug|x64.ActiveCfg = Debug|x64
		{2DF1838B-4B44-4190-8C73-A9A7C6976D1C}.Debug|x64.Build.0 = Debug|x64
		{2DF1838B-4B44-4190-8C73-A9A7C6976D1C}.Debug|x86.ActiveCfg = Debug|Win32
		{2DF1838B-4B44-4190-8C73-A9A7C6976D1C}.Debug|x86.Build.0 = Debug|Win32
		{2DF1838B-4B44-4190-8C73-A9A7C6976D1C}.Release|x64.ActiveCfg = Release|x64
		{2DF1838B-4B44-4190-8C73-A9A7C6976D1C}.Release|x64.Build.0 = Release|x64
		{2DF1838B-4B44-4190-8C73-A9A7C6976D1C}.Release|x86.ActiveCfg = Release|Win32
		{1A12C3C9-B42A-4153-82ED-DA2531F33681}.Debug|x64.ActiveCfg = Debug|x64
		{1A12C3C9-B42A-4153-82ED-DA2531F33681}.Debug|x64.Build.0 = Debug|x64
		{1A12C3C9-B42A-4153-82ED-DA2531F33681}.Debug|x86.ActiveCfg = Debug|Win32
		{1A12C3C9-B42A-4153-82ED-DA2531F33681}.Debug|x86.Build.0 = Debug|Win32
		{1A12C3C9-B42A-4153-82ED-DA2531F33681}.Release|x64.ActiveCfg = Release|x64
		{1A12C3C9-B42A-4153-82ED-DA2531F33681}.Release|x64.Build.0 = Release|x64
		{1A12C3C9-B42A-4153-82ED-DA2531F33681}.Release|x86.ActiveCfg = Release|Win32
		{1A12C3C9-B42A-4153-82ED-DA2531F33681}.Release|x86.Build.0 = Release|Win32
		{A0738A14-5346-4ECA-9E6A-412B9141E87D}.Debug|x64.ActiveCfg = Debug|x64
		{A0738A14-5346-4ECA-9E6A-412B9141E87D}.Debug|x64.Build.0 = Debug|x64
		{A0738A14-5346-4ECA-9E6A-412B9141E87D}.Debug|x86.ActiveCfg = Debug|Win32
		{A0738A14-5346-4ECA-9E6A-412B9141E87D}.Debug|x86.Build.0 = Debug|Win32
		{A0738A14-5346-4ECA-9E6A-412B9141E87D}.Release|x64.ActiveCfg = Release|x64
		{A0738A14-5346-4ECA-9E6A-412B9141E87D}.Release|x64.Build.0 = Release|x64
		{A0738A14-5346-4ECA-9E6A-412B9141E87D}.Release|x86.ActiveCfg = Release|Win32
		{3155682B-78C7-4D81-95A3-C800C71A99FE}.Debug|x64.ActiveCfg = Debug|x64
		{3155682B-78C7-4D81-95A3-C800C71A99FE}.Debug|x64.Build.0 = Debug|x64
		{3155682B-78C7-4D81-95A3-C800C71A99FE}.Debug|x86.ActiveCfg = Debug|Win32
		{3155682B-78C7-4D81-95A3-C800C71A99FE}.Debug|x86.Build.0 = Debug|Win32
		{3155682B-78C7-4D81-95A3-C800C71A99FE}.Release|x64.ActiveCfg = Release|x64
		{3155682B-78C7-4D81-95A3-C800C71A99FE}.Release|x64.Build.0 = Release|x64
		{3155682B-78C7-4D81-95A3-C800C71A99FE}.Release|x86.ActiveCfg = Release|Win32
		{910DAB6F-B88D-4645-A8CE-CA816104972C}.Debug|x64.ActiveCfg = Debug|x64
		{910DAB6F-B88D-4645-A8CE-CA816104972C}.Debug|x64.Build.0 = Debug|x64
		{910DAB6F-B88D-4645-A8CE-CA816104972C}.Debug|x86.ActiveCfg = Debug|Win32
		{910DAB6F-B88D-4645-A8CE-CA816104972C}.Debug|x86.Build.0 = Debug|Win32
		{910DAB6F-B88D-4645-A8CE-CA816104972C}.Release|x64.ActiveCfg = Release|x64
		{910DAB6F-B88D-4645-A8CE-CA816104972C}.Release|x64.Build.0 = Release|x64
		{910DAB6F-B88D-4645-A8CE-CA816104972C}.Release|x86.ActiveCfg = Release|Win32
		{96806E13-E208-499B-8902-C08899ACD50C}.Debug|x64.ActiveCfg = Debug
		{96806E13-E208-499B-8902-C08899ACD50C}.Debug|x86.ActiveCfg = Debug
		{96806E13-E208-499B-8902-C08899ACD50C}.Release|x64.ActiveCfg = Release
		{96806E13-E208-499B-8902-C08899ACD50C}.Release|x86.ActiveCfg = Release
		{96806E13-E208-499B-8902-C08899ACD50C}.Release|x86.Build.0 = Release
	EndGlobalSection
	GlobalSection(SolutionProperties) = preSolution
		HideSolutionNode = FALSE
	EndGlobalSection
	GlobalSection(ExtensibilityGlobals) = postSolution
		SolutionGuid = {F8263A19-A7A8-4B39-8C8A-3E4233A7E768}
	EndGlobalSection
EndGlobal
